
Microsoft Visual Studio Solution File, Format Version 12.00
# Visual Studio Version 17
VisualStudioVersion = 17.14.36203.30
MinimumVisualStudioVersion = 10.0.40219.1
Project("{8BC9CEB8-8B4A-11D0-8D11-00A0C91BC942}") = "Sum10Core", "Sum10Core\Sum10Core.vcxproj", "{680C23E8-33B0-472F-9600-D9DED7AF676C}"
EndProject
Project("{FAE04EC0-301F-11D3-BF4B-00C04F79EFBC}") = "Sum10Client", "Sum10Client\Sum10Client.csproj", "{4BCC0998-7DEA-4251-B523-4D18776A0FC3}"
EndProject
Global
	GlobalSection(SolutionConfigurationPlatforms) = preSolution
		Debug|Any CPU = Debug|Any CPU
		Debug|x64 = Debug|x64
		Debug|x86 = Debug|x86
		Release|Any CPU = Release|Any CPU
		Release|x64 = Release|x64
		Release|x86 = Release|x86
	EndGlobalSection
	GlobalSection(ProjectConfigurationPlatforms) = postSolution
		{680C23E8-33B0-472F-9600-D9DED7AF676C}.Debug|Any CPU.ActiveCfg = Debug|x64
		{680C23E8-33B0-472F-9600-D9DED7AF676C}.Debug|Any CPU.Build.0 = Debug|x64
		{680C23E8-33B0-472F-9600-D9DED7AF676C}.Debug|x64.ActiveCfg = Debug|x64
		{680C23E8-33B0-472F-9600-D9DED7AF676C}.Debug|x64.Build.0 = Debug|x64
		{680C23E8-33B0-472F-9600-D9DED7AF676C}.Debug|x86.ActiveCfg = Debug|Win32
		{680C23E8-33B0-472F-9600-D9DED7AF676C}.Debug|x86.Build.0 = Debug|Win32
		{680C23E8-33B0-472F-9600-D9DED7AF676C}.Release|Any CPU.ActiveCfg = Release|x64
		{680C23E8-33B0-472F-9600-D9DED7AF676C}.Release|Any CPU.Build.0 = Release|x64
		{680C23E8-33B0-472F-9600-D9DED7AF676C}.Release|x64.ActiveCfg = Release|x64
		{680C23E8-33B0-472F-9600-D9DED7AF676C}.Release|x64.Build.0 = Release|x64
		{680C23E8-33B0-472F-9600-D9DED7AF676C}.Release|x86.ActiveCfg = Release|Win32
		{680C23E8-33B0-472F-9600-D9DED7AF676C}.Release|x86.Build.0 = Release|Win32
		{4BCC0998-7DEA-4251-B523-4D18776A0FC3}.Debug|Any CPU.ActiveCfg = Debug|Any CPU
		{4BCC0998-7DEA-4251-B523-4D18776A0FC3}.Debug|Any CPU.Build.0 = Debug|Any CPU
		{4BCC0998-7DEA-4251-B523-4D18776A0FC3}.Debug|x64.ActiveCfg = Debug|Any CPU
		{4BCC0998-7DEA-4251-B523-4D18776A0FC3}.Debug|x64.Build.0 = Debug|Any CPU
		{4BCC0998-7DEA-4251-B523-4D18776A0FC3}.Debug|x86.ActiveCfg = Debug|Any CPU
		{4BCC0998-7DEA-4251-B523-4D18776A0FC3}.Debug|x86.Build.0 = Debug|Any CPU
		{4BCC0998-7DEA-4251-B523-4D18776A0FC3}.Release|Any CPU.ActiveCfg = Release|Any CPU
		{4BCC0998-7DEA-4251-B523-4D18776A0FC3}.Release|Any CPU.Build.0 = Release|Any CPU
		{4BCC0998-7DEA-4251-B523-4D18776A0FC3}.Release|x64.ActiveCfg = Release|Any CPU
		{4BCC0998-7DEA-4251-B523-4D18776A0FC3}.Release|x64.Build.0 = Release|Any CPU
		{4BCC0998-7DEA-4251-B523-4D18776A0FC3}.Release|x86.ActiveCfg = Release|Any CPU
		{4BCC0998-7DEA-4251-B523-4D18776A0FC3}.Release|x86.Build.0 = Release|Any CPU
	EndGlobalSection
	GlobalSection(SolutionProperties) = preSolution
		HideSolutionNode = FALSE
	EndGlobalSection
	GlobalSection(ExtensibilityGlobals) = postSolution
		SolutionGuid = {A56FBE77-33BF-43DA-9E4A-A2FF09C5DF41}
	EndGlobalSection
EndGlobal
